<?xml version="1.0" encoding="utf-8"?>
<Project ToolsVersion="4.0" xmlns="http://schemas.microsoft.com/developer/msbuild/2003">
  <ItemGroup>
    <ClInclude Include="Sources\Collision\Capsule.hpp" />
    <ClInclude Include="Sources\Collision\Collision.hpp" />
    <ClInclude Include="Sources\Collision\IShape.hpp" />
    <ClInclude Include="Sources\Collision\Line.hpp" />
    <ClInclude Include="Sources\Collision\Sphere.hpp" />
    <ClInclude Include="Sources\Game\Game.hpp" />
    <ClInclude Include="Sources\Input\Keyboard.hpp" />
    <ClInclude Include="Sources\Input\Mouse.hpp" />
    <ClInclude Include="Sources\Scene\FadeState.hpp" />
    <ClInclude Include="Sources\Scene\IScene.hpp" />
    <ClInclude Include="Sources\Scene\ISceneMediator.hpp" />
    <ClInclude Include="Sources\Scene\IScenePtr.hpp" />
    <ClInclude Include="Sources\Scene\Scene.hpp" />
    <ClInclude Include="Sources\Scene\SceneManager.hpp" />
    <ClInclude Include="Sources\Scene\TestScene.hpp" />
    <ClInclude Include="Sources\Scene\TestScene2.hpp" />
    <ClInclude Include="Sources\Utility\Debug.hpp" />
    <ClInclude Include="Sources\Utility\Math.hpp" />
    <ClInclude Include="Sources\Utility\Matrix.hpp" />
    <ClInclude Include="Sources\Utility\Memento.hpp" />
    <ClInclude Include="Sources\Utility\MemoryCast.hpp" />
    <ClInclude Include="Sources\Utility\Optional.hpp" />
    <ClInclude Include="Sources\Utility\Point2.hpp" />
    <ClInclude Include="Sources\Utility\Point3.hpp" />
    <ClInclude Include="Sources\Utility\Point4.hpp" />
    <ClInclude Include="Sources\Utility\SingletonFinalizer.hpp" />
    <ClInclude Include="Sources\Utility\String.hpp" />
    <ClInclude Include="Sources\Utility\ValueType.hpp" />
    <ClInclude Include="Sources\Utility\Vector2.hpp" />
    <ClInclude Include="Sources\Utility\Vector3.hpp" />
    <ClInclude Include="Sources\Utility\Vector4.hpp" />
  </ItemGroup>
  <ItemGroup>
    <ClCompile Include="Sources\Collision\Collision.cpp" />
    <ClCompile Include="Sources\Game\Game.cpp" />
    <ClCompile Include="Sources\Input\Keyboard.cpp" />
    <ClCompile Include="Sources\Input\Mouse.cpp" />
    <ClCompile Include="Sources\Scene\FadeState.cpp" />
    <ClCompile Include="Sources\Scene\SceneManager.cpp" />
    <ClCompile Include="Sources\Utility\Debug.cpp" />
    <ClCompile Include="Sources\Utility\Math.cpp" />
    <ClCompile Include="Sources\Utility\Matrix.cpp" />
    <ClCompile Include="Sources\Utility\Point2.cpp" />
    <ClCompile Include="Sources\Utility\Point3.cpp" />
    <ClCompile Include="Sources\Utility\Point4.cpp" />
    <ClCompile Include="Sources\Utility\SingletonFinalizer.cpp" />
    <ClCompile Include="Sources\Utility\String.cpp" />
    <ClCompile Include="Sources\Utility\Vector2.cpp" />
    <ClCompile Include="Sources\Utility\Vector3.cpp" />
    <ClCompile Include="Sources\Utility\Vector4.cpp" />
    <ClCompile Include="Sources\main.cpp" />
  </ItemGroup>
  <ItemGroup>
    <None Include="Sources\Scene\FadeIn.inl" />
    <None Include="Sources\Scene\FadeOut.inl" />
  </ItemGroup>
</Project>